
Microsoft Visual Studio Solution File, Format Version 12.00
# Visual Studio Version 17
VisualStudioVersion = 17.13.35913.81
MinimumVisualStudioVersion = 10.0.40219.1
Project("{FAE04EC0-301F-11D3-BF4B-00C04F79EFBC}") = "WebAPI", "WebAPI\WebAPI.csproj", "{13F2AA26-2F58-4548-A151-6489C660180F}"
EndProject
Project("{2150E333-8FDC-42A3-9474-1A3956D46DE8}") = "01- Común", "01- Común", "{02EA681E-C7D8-13C7-8484-4AC65E1B71E8}"
EndProject
Project("{2150E333-8FDC-42A3-9474-1A3956D46DE8}") = "02- Modelo", "02- Modelo", "{1553C3B1-3F2D-431F-BC76-2EDD247F7FD7}"
EndProject
Project("{2150E333-8FDC-42A3-9474-1A3956D46DE8}") = "03-Acceso a Datos", "03-Acceso a Datos", "{C425DA06-6163-4542-B1A8-73BD69272BB9}"
EndProject
Project("{2150E333-8FDC-42A3-9474-1A3956D46DE8}") = "04-Cliente Rest", "04-Cliente Rest", "{99BFF8E0-972F-454B-BD3C-17939EF72DA8}"
EndProject
Project("{2150E333-8FDC-42A3-9474-1A3956D46DE8}") = "05- Logica de Negocio", "05- Logica de Negocio", "{369CB01D-A1A7-72D2-AABC-3F0945D148A2}"
EndProject
Project("{2150E333-8FDC-42A3-9474-1A3956D46DE8}") = "06- Web API", "06- Web API", "{7DC331D0-3EC4-40A6-69FB-1CBEB2E0D1EA}"
EndProject
Project("{FAE04EC0-301F-11D3-BF4B-00C04F79EFBC}") = "Comun", "Comun\Comun.csproj", "{D17B0236-0BCE-48EA-AE53-9364F1B8AD0E}"
EndProject
Project("{FAE04EC0-301F-11D3-BF4B-00C04F79EFBC}") = "Modelo", "Modelo\Modelo.csproj", "{DDA7B08E-2558-4FF7-B2FF-393A54E041E1}"
EndProject
Project("{FAE04EC0-301F-11D3-BF4B-00C04F79EFBC}") = "Datos", "Datos\Datos.csproj", "{DEB049B0-3EFE-46DA-B201-DDA63F86E928}"
EndProject
Project("{FAE04EC0-301F-11D3-BF4B-00C04F79EFBC}") = "Rest", "Rest\Rest.csproj", "{E2762BB8-F9F2-433D-B8E0-858467F2FE59}"
EndProject
Project("{FAE04EC0-301F-11D3-BF4B-00C04F79EFBC}") = "Logica", "Logica\Logica.csproj", "{460451FF-1268-4987-AF17-A64C729BA317}"
EndProject
Global
	GlobalSection(SolutionConfigurationPlatforms) = preSolution
		Debug|Any CPU = Debug|Any CPU
		Release|Any CPU = Release|Any CPU
	EndGlobalSection
	GlobalSection(ProjectConfigurationPlatforms) = postSolution
		{13F2AA26-2F58-4548-A151-6489C660180F}.Debug|Any CPU.ActiveCfg = Debug|Any CPU
		{13F2AA26-2F58-4548-A151-6489C660180F}.Debug|Any CPU.Build.0 = Debug|Any CPU
		{13F2AA26-2F58-4548-A151-6489C660180F}.Release|Any CPU.ActiveCfg = Release|Any CPU
		{13F2AA26-2F58-4548-A151-6489C660180F}.Release|Any CPU.Build.0 = Release|Any CPU
		{D17B0236-0BCE-48EA-AE53-9364F1B8AD0E}.Debug|Any CPU.ActiveCfg = Debug|Any CPU
		{D17B0236-0BCE-48EA-AE53-9364F1B8AD0E}.Debug|Any CPU.Build.0 = Debug|Any CPU
		{D17B0236-0BCE-48EA-AE53-9364F1B8AD0E}.Release|Any CPU.ActiveCfg = Release|Any CPU
		{D17B0236-0BCE-48EA-AE53-9364F1B8AD0E}.Release|Any CPU.Build.0 = Release|Any CPU
		{DDA7B08E-2558-4FF7-B2FF-393A54E041E1}.Debug|Any CPU.ActiveCfg = Debug|Any CPU
		{DDA7B08E-2558-4FF7-B2FF-393A54E041E1}.Debug|Any CPU.Build.0 = Debug|Any CPU
		{DDA7B08E-2558-4FF7-B2FF-393A54E041E1}.Release|Any CPU.ActiveCfg = Release|Any CPU
		{DDA7B08E-2558-4FF7-B2FF-393A54E041E1}.Release|Any CPU.Build.0 = Release|Any CPU
		{DEB049B0-3EFE-46DA-B201-DDA63F86E928}.Debug|Any CPU.ActiveCfg = Debug|Any CPU
		{DEB049B0-3EFE-46DA-B201-DDA63F86E928}.Debug|Any CPU.Build.0 = Debug|Any CPU
		{DEB049B0-3EFE-46DA-B201-DDA63F86E928}.Release|Any CPU.ActiveCfg = Release|Any CPU
		{DEB049B0-3EFE-46DA-B201-DDA63F86E928}.Release|Any CPU.Build.0 = Release|Any CPU
		{E2762BB8-F9F2-433D-B8E0-858467F2FE59}.Debug|Any CPU.ActiveCfg = Debug|Any CPU
		{E2762BB8-F9F2-433D-B8E0-858467F2FE59}.Debug|Any CPU.Build.0 = Debug|Any CPU
		{E2762BB8-F9F2-433D-B8E0-858467F2FE59}.Release|Any CPU.ActiveCfg = Release|Any CPU
		{E2762BB8-F9F2-433D-B8E0-858467F2FE59}.Release|Any CPU.Build.0 = Release|Any CPU
		{460451FF-1268-4987-AF17-A64C729BA317}.Debug|Any CPU.ActiveCfg = Debug|Any CPU
		{460451FF-1268-4987-AF17-A64C729BA317}.Debug|Any CPU.Build.0 = Debug|Any CPU
		{460451FF-1268-4987-AF17-A64C729BA317}.Release|Any CPU.ActiveCfg = Release|Any CPU
		{460451FF-1268-4987-AF17-A64C729BA317}.Release|Any CPU.Build.0 = Release|Any CPU
	EndGlobalSection
	GlobalSection(SolutionProperties) = preSolution
		HideSolutionNode = FALSE
	EndGlobalSection
	GlobalSection(NestedProjects) = preSolution
		{13F2AA26-2F58-4548-A151-6489C660180F} = {7DC331D0-3EC4-40A6-69FB-1CBEB2E0D1EA}
		{D17B0236-0BCE-48EA-AE53-9364F1B8AD0E} = {02EA681E-C7D8-13C7-8484-4AC65E1B71E8}
		{DDA7B08E-2558-4FF7-B2FF-393A54E041E1} = {1553C3B1-3F2D-431F-BC76-2EDD247F7FD7}
		{DEB049B0-3EFE-46DA-B201-DDA63F86E928} = {C425DA06-6163-4542-B1A8-73BD69272BB9}
		{E2762BB8-F9F2-433D-B8E0-858467F2FE59} = {99BFF8E0-972F-454B-BD3C-17939EF72DA8}
		{460451FF-1268-4987-AF17-A64C729BA317} = {369CB01D-A1A7-72D2-AABC-3F0945D148A2}
	EndGlobalSection
	GlobalSection(ExtensibilityGlobals) = postSolution
		SolutionGuid = {F0EB605D-C78C-44D7-A899-9F6126CB63F4}
	EndGlobalSection
EndGlobal
